
Microsoft Visual Studio Solution File, Format Version 12.00
# Visual Studio 15
VisualStudioVersion = 15.0.28307.271
MinimumVisualStudioVersion = 10.0.40219.1
Project("{F184B08F-C81C-45F6-A57F-5ABD9991F28F}") = "Asignacion_1", "Asignacion_1.vbproj", "{4CCE016E-CD45-413D-AA4A-95213F440327}"
EndProject
Global
	GlobalSection(SolutionConfigurationPlatforms) = preSolution
		Debug|Any CPU = Debug|Any CPU
		Release|Any CPU = Release|Any CPU
	EndGlobalSection
	GlobalSection(ProjectConfigurationPlatforms) = postSolution
		{4CCE016E-CD45-413D-AA4A-95213F440327}.Debug|Any CPU.ActiveCfg = Debug|Any CPU
		{4CCE016E-CD45-413D-AA4A-95213F440327}.Debug|Any CPU.Build.0 = Debug|Any CPU
		{4CCE016E-CD45-413D-AA4A-95213F440327}.Release|Any CPU.ActiveCfg = Release|Any CPU
		{4CCE016E-CD45-413D-AA4A-95213F440327}.Release|Any CPU.Build.0 = Release|Any CPU
	EndGlobalSection
	GlobalSection(SolutionProperties) = preSolution
		HideSolutionNode = FALSE
	EndGlobalSection
	GlobalSection(ExtensibilityGlobals) = postSolution
		SolutionGuid = {94705C1A-06EC-406C-9F6A-CBC8BBE17F1A}
	EndGlobalSection
EndGlobal
